
Microsoft Visual Studio Solution File, Format Version 12.00
# Visual Studio Version 17
VisualStudioVersion = 17.6.33801.468
MinimumVisualStudioVersion = 10.0.40219.1
Project("{FAE04EC0-301F-11D3-BF4B-00C04F79EFBC}") = "Client", "Client.csproj", "{43BDB705-EA6E-4E93-B3DE-072F633C50FF}"
EndProject
Global
	GlobalSection(SolutionConfigurationPlatforms) = preSolution
		Debug|Any CPU = Debug|Any CPU
		Release|Any CPU = Release|Any CPU
	EndGlobalSection
	GlobalSection(ProjectConfigurationPlatforms) = postSolution
		{43BDB705-EA6E-4E93-B3DE-072F633C50FF}.Debug|Any CPU.ActiveCfg = Debug|Any CPU
		{43BDB705-EA6E-4E93-B3DE-072F633C50FF}.Debug|Any CPU.Build.0 = Debug|Any CPU
		{43BDB705-EA6E-4E93-B3DE-072F633C50FF}.Release|Any CPU.ActiveCfg = Release|Any CPU
		{43BDB705-EA6E-4E93-B3DE-072F633C50FF}.Release|Any CPU.Build.0 = Release|Any CPU
	EndGlobalSection
	GlobalSection(SolutionProperties) = preSolution
		HideSolutionNode = FALSE
	EndGlobalSection
	GlobalSection(ExtensibilityGlobals) = postSolution
		SolutionGuid = {4ADFB09C-2725-4D04-8FC7-06CA9AFAE98C}
	EndGlobalSection
EndGlobal
